
Microsoft Visual Studio Solution File, Format Version 12.00
# Visual Studio Version 17
VisualStudioVersion = 17.2.32616.157
MinimumVisualStudioVersion = 10.0.40219.1
Project("{FAE04EC0-301F-11D3-BF4B-00C04F79EFBC}") = "CarSpeed calculation", "CarSpeed calculation\CarSpeed calculation.csproj", "{ED6C0141-8E91-4300-8485-3A5B6BB6DB23}"
EndProject
Global
	GlobalSection(SolutionConfigurationPlatforms) = preSolution
		Debug|Any CPU = Debug|Any CPU
		Release|Any CPU = Release|Any CPU
	EndGlobalSection
	GlobalSection(ProjectConfigurationPlatforms) = postSolution
		{ED6C0141-8E91-4300-8485-3A5B6BB6DB23}.Debug|Any CPU.ActiveCfg = Debug|Any CPU
		{ED6C0141-8E91-4300-8485-3A5B6BB6DB23}.Debug|Any CPU.Build.0 = Debug|Any CPU
		{ED6C0141-8E91-4300-8485-3A5B6BB6DB23}.Release|Any CPU.ActiveCfg = Release|Any CPU
		{ED6C0141-8E91-4300-8485-3A5B6BB6DB23}.Release|Any CPU.Build.0 = Release|Any CPU
	EndGlobalSection
	GlobalSection(SolutionProperties) = preSolution
		HideSolutionNode = FALSE
	EndGlobalSection
	GlobalSection(ExtensibilityGlobals) = postSolution
		SolutionGuid = {1F77EF8E-4148-46F0-A8FC-2E6CBE34F969}
	EndGlobalSection
EndGlobal
